
Microsoft Visual Studio Solution File, Format Version 12.00
Project("{2150E333-8FDC-42A3-9474-1A3956D46DE8}") = "Identity.Core", "Identity.Core", "{89931BA6-5249-4D89-9F44-EF6A2E740850}"
EndProject
Project("{FAE04EC0-301F-11D3-BF4B-00C04F79EFBC}") = "Identity.Core.Api", "Identity.Core\Identity.Core.Api\Identity.Core.Api.csproj", "{D3C68786-AF7C-408E-BAE1-10CC4FCF4B87}"
EndProject
Project("{FAE04EC0-301F-11D3-BF4B-00C04F79EFBC}") = "Identity.Core.Domain", "Identity.Core\Identity.Core.Domain\Identity.Core.Domain.csproj", "{42DDAB1E-4D17-4454-AE2D-F08958DE00C5}"
EndProject
Project("{FAE04EC0-301F-11D3-BF4B-00C04F79EFBC}") = "Identity.Core.Application", "Identity.Core\Identity.Core.Application\Identity.Core.Application.csproj", "{6F0AB8BE-4D54-4D01-8E26-9808619753C4}"
EndProject
Project("{FAE04EC0-301F-11D3-BF4B-00C04F79EFBC}") = "Identity.Core.Infrastructure", "Identity.Core\Identity.Core.Infrastructure\Identity.Core.Infrastructure.csproj", "{2F248EAA-5800-495D-8B68-9B5EF27C3516}"
EndProject
Project("{FAE04EC0-301F-11D3-BF4B-00C04F79EFBC}") = "Identity.Core.Common", "Identity.Core\Identity.Core.Common\Identity.Core.Common.csproj", "{7267F6C6-0A63-4A1E-B93A-AB0226B2B1AB}"
EndProject
Global
	GlobalSection(SolutionConfigurationPlatforms) = preSolution
		Debug|Any CPU = Debug|Any CPU
		Release|Any CPU = Release|Any CPU
	EndGlobalSection
	GlobalSection(ProjectConfigurationPlatforms) = postSolution
		{D3C68786-AF7C-408E-BAE1-10CC4FCF4B87}.Debug|Any CPU.ActiveCfg = Debug|Any CPU
		{D3C68786-AF7C-408E-BAE1-10CC4FCF4B87}.Debug|Any CPU.Build.0 = Debug|Any CPU
		{D3C68786-AF7C-408E-BAE1-10CC4FCF4B87}.Release|Any CPU.ActiveCfg = Release|Any CPU
		{D3C68786-AF7C-408E-BAE1-10CC4FCF4B87}.Release|Any CPU.Build.0 = Release|Any CPU
		{42DDAB1E-4D17-4454-AE2D-F08958DE00C5}.Debug|Any CPU.ActiveCfg = Debug|Any CPU
		{42DDAB1E-4D17-4454-AE2D-F08958DE00C5}.Debug|Any CPU.Build.0 = Debug|Any CPU
		{42DDAB1E-4D17-4454-AE2D-F08958DE00C5}.Release|Any CPU.ActiveCfg = Release|Any CPU
		{42DDAB1E-4D17-4454-AE2D-F08958DE00C5}.Release|Any CPU.Build.0 = Release|Any CPU
		{6F0AB8BE-4D54-4D01-8E26-9808619753C4}.Debug|Any CPU.ActiveCfg = Debug|Any CPU
		{6F0AB8BE-4D54-4D01-8E26-9808619753C4}.Debug|Any CPU.Build.0 = Debug|Any CPU
		{6F0AB8BE-4D54-4D01-8E26-9808619753C4}.Release|Any CPU.ActiveCfg = Release|Any CPU
		{6F0AB8BE-4D54-4D01-8E26-9808619753C4}.Release|Any CPU.Build.0 = Release|Any CPU
		{2F248EAA-5800-495D-8B68-9B5EF27C3516}.Debug|Any CPU.ActiveCfg = Debug|Any CPU
		{2F248EAA-5800-495D-8B68-9B5EF27C3516}.Debug|Any CPU.Build.0 = Debug|Any CPU
		{2F248EAA-5800-495D-8B68-9B5EF27C3516}.Release|Any CPU.ActiveCfg = Release|Any CPU
		{2F248EAA-5800-495D-8B68-9B5EF27C3516}.Release|Any CPU.Build.0 = Release|Any CPU
		{7267F6C6-0A63-4A1E-B93A-AB0226B2B1AB}.Debug|Any CPU.ActiveCfg = Debug|Any CPU
		{7267F6C6-0A63-4A1E-B93A-AB0226B2B1AB}.Debug|Any CPU.Build.0 = Debug|Any CPU
		{7267F6C6-0A63-4A1E-B93A-AB0226B2B1AB}.Release|Any CPU.ActiveCfg = Release|Any CPU
		{7267F6C6-0A63-4A1E-B93A-AB0226B2B1AB}.Release|Any CPU.Build.0 = Release|Any CPU
	EndGlobalSection
	GlobalSection(NestedProjects) = preSolution
		{D3C68786-AF7C-408E-BAE1-10CC4FCF4B87} = {89931BA6-5249-4D89-9F44-EF6A2E740850}
		{42DDAB1E-4D17-4454-AE2D-F08958DE00C5} = {89931BA6-5249-4D89-9F44-EF6A2E740850}
		{6F0AB8BE-4D54-4D01-8E26-9808619753C4} = {89931BA6-5249-4D89-9F44-EF6A2E740850}
		{2F248EAA-5800-495D-8B68-9B5EF27C3516} = {89931BA6-5249-4D89-9F44-EF6A2E740850}
		{7267F6C6-0A63-4A1E-B93A-AB0226B2B1AB} = {89931BA6-5249-4D89-9F44-EF6A2E740850}
	EndGlobalSection
EndGlobal
